// !$*UTF8*$!
{
	archiveVersion = 1;
	classes = {
	};
	objectVersion = 50;
	objects = {

/* Begin PBXBuildFile section */
		6329FC2D20A8A8B9007045B2 /* AppDelegate.m in Sources */ = {isa = PBXBuildFile; fileRef = 6329FC2C20A8A8B9007045B2 /* AppDelegate.m */; };
		6329FC3020A8A8B9007045B2 /* ViewController.m in Sources */ = {isa = PBXBuildFile; fileRef = 6329FC2F20A8A8B9007045B2 /* ViewController.m */; };
		6329FC3220A8A8BB007045B2 /* Assets.xcassets in Resources */ = {isa = PBXBuildFile; fileRef = 6329FC3120A8A8BB007045B2 /* Assets.xcassets */; };
		6329FC3520A8A8BB007045B2 /* Main.storyboard in Resources */ = {isa = PBXBuildFile; fileRef = 6329FC3320A8A8BB007045B2 /* Main.storyboard */; };
		6329FC3820A8A8BB007045B2 /* main.m in Sources */ = {isa = PBXBuildFile; fileRef = 6329FC3720A8A8BB007045B2 /* main.m */; };
		6329FC4620A8AA33007045B2 /* FTConfiguration.m in Sources */ = {isa = PBXBuildFile; fileRef = 6329FC3F20A8AA31007045B2 /* FTConfiguration.m */; };
		6329FC4720A8AA33007045B2 /* FTConfigurationManager.m in Sources */ = {isa = PBXBuildFile; fileRef = 6329FC4020A8AA31007045B2 /* FTConfigurationManager.m */; };
		6329FC4820A8AA33007045B2 /* defaultConfigurations in Resources */ = {isa = PBXBuildFile; fileRef = 6329FC4120A8AA32007045B2 /* defaultConfigurations */; };
		6329FC4920A8AA33007045B2 /* FTConfiguration+DisplayAdditions.m in Sources */ = {isa = PBXBuildFile; fileRef = 6329FC4420A8AA32007045B2 /* FTConfiguration+DisplayAdditions.m */; };
		6329FC4D20A8AA82007045B2 /* FTView.m in Sources */ = {isa = PBXBuildFile; fileRef = 6329FC4B20A8AA82007045B2 /* FTView.m */; };
		6329FC5020A8ABD8007045B2 /* CGAdditions.c in Sources */ = {isa = PBXBuildFile; fileRef = 6329FC4F20A8ABD8007045B2 /* CGAdditions.c */; };
/* End PBXBuildFile section */

/* Begin PBXFileReference section */
		6329FC2820A8A8B9007045B2 /* FracTreeMac.app */ = {isa = PBXFileReference; explicitFileType = wrapper.application; includeInIndex = 0; path = FracTreeMac.app; sourceTree = BUILT_PRODUCTS_DIR; };
		6329FC2B20A8A8B9007045B2 /* AppDelegate.h */ = {isa = PBXFileReference; lastKnownFileType = sourcecode.c.h; path = AppDelegate.h; sourceTree = "<group>"; };
		6329FC2C20A8A8B9007045B2 /* AppDelegate.m */ = {isa = PBXFileReference; lastKnownFileType = sourcecode.c.objc; path = AppDelegate.m; sourceTree = "<group>"; };
		6329FC2E20A8A8B9007045B2 /* ViewController.h */ = {isa = PBXFileReference; lastKnownFileType = sourcecode.c.h; path = ViewController.h; sourceTree = "<group>"; };
		6329FC2F20A8A8B9007045B2 /* ViewController.m */ = {isa = PBXFileReference; lastKnownFileType = sourcecode.c.objc; path = ViewController.m; sourceTree = "<group>"; };
		6329FC3120A8A8BB007045B2 /* Assets.xcassets */ = {isa = PBXFileReference; lastKnownFileType = folder.assetcatalog; path = Assets.xcassets; sourceTree = "<group>"; };
		6329FC3420A8A8BB007045B2 /* Base */ = {isa = PBXFileReference; lastKnownFileType = file.storyboard; name = Base; path = Base.lproj/Main.storyboard; sourceTree = "<group>"; };
		6329FC3620A8A8BB007045B2 /* Info.plist */ = {isa = PBXFileReference; lastKnownFileType = text.plist.xml; path = Info.plist; sourceTree = "<group>"; };
		6329FC3720A8A8BB007045B2 /* main.m */ = {isa = PBXFileReference; lastKnownFileType = sourcecode.c.objc; path = main.m; sourceTree = "<group>"; };
		6329FC3920A8A8BB007045B2 /* FracTreeMac.entitlements */ = {isa = PBXFileReference; lastKnownFileType = text.plist.entitlements; path = FracTreeMac.entitlements; sourceTree = "<group>"; };
		6329FC3F20A8AA31007045B2 /* FTConfiguration.m */ = {isa = PBXFileReference; fileEncoding = 4; lastKnownFileType = sourcecode.c.objc; path = FTConfiguration.m; sourceTree = "<group>"; };
		6329FC4020A8AA31007045B2 /* FTConfigurationManager.m */ = {isa = PBXFileReference; fileEncoding = 4; lastKnownFileType = sourcecode.c.objc; path = FTConfigurationManager.m; sourceTree = "<group>"; };
		6329FC4120A8AA32007045B2 /* defaultConfigurations */ = {isa = PBXFileReference; lastKnownFileType = file.bplist; path = defaultConfigurations; sourceTree = "<group>"; };
		6329FC4220A8AA32007045B2 /* FTConfiguration.h */ = {isa = PBXFileReference; fileEncoding = 4; lastKnownFileType = sourcecode.c.h; path = FTConfiguration.h; sourceTree = "<group>"; };
		6329FC4320A8AA32007045B2 /* FTConfigurationManager.h */ = {isa = PBXFileReference; fileEncoding = 4; lastKnownFileType = sourcecode.c.h; path = FTConfigurationManager.h; sourceTree = "<group>"; };
		6329FC4420A8AA32007045B2 /* FTConfiguration+DisplayAdditions.m */ = {isa = PBXFileReference; fileEncoding = 4; lastKnownFileType = sourcecode.c.objc; path = "FTConfiguration+DisplayAdditions.m"; sourceTree = "<group>"; };
		6329FC4520A8AA32007045B2 /* FTConfiguration+DisplayAdditions.h */ = {isa = PBXFileReference; fileEncoding = 4; lastKnownFileType = sourcecode.c.h; path = "FTConfiguration+DisplayAdditions.h"; sourceTree = "<group>"; };
		6329FC4B20A8AA82007045B2 /* FTView.m */ = {isa = PBXFileReference; fileEncoding = 4; lastKnownFileType = sourcecode.c.objc; path = FTView.m; sourceTree = "<group>"; };
		6329FC4C20A8AA82007045B2 /* FTView.h */ = {isa = PBXFileReference; fileEncoding = 4; lastKnownFileType = sourcecode.c.h; path = FTView.h; sourceTree = "<group>"; };
		6329FC4E20A8ABD7007045B2 /* CGAdditions.h */ = {isa = PBXFileReference; fileEncoding = 4; lastKnownFileType = sourcecode.c.h; path = CGAdditions.h; sourceTree = "<group>"; };
		6329FC4F20A8ABD8007045B2 /* CGAdditions.c */ = {isa = PBXFileReference; fileEncoding = 4; lastKnownFileType = sourcecode.c.c; path = CGAdditions.c; sourceTree = "<group>"; };
/* End PBXFileReference section */

/* Begin PBXFrameworksBuildPhase section */
		6329FC2520A8A8B9007045B2 /* Frameworks */ = {
			isa = PBXFrameworksBuildPhase;
			buildActionMask = 2147483647;
			files = (
			);
			runOnlyForDeploymentPostprocessing = 0;
		};
/* End PBXFrameworksBuildPhase section */

/* Begin PBXGroup section */
		6329FC1F20A8A8B9007045B2 = {
			isa = PBXGroup;
			children = (
				6329FC2A20A8A8B9007045B2 /* FracTreeMac */,
				6329FC2920A8A8B9007045B2 /* Products */,
			);
			sourceTree = "<group>";
		};
		6329FC2920A8A8B9007045B2 /* Products */ = {
			isa = PBXGroup;
			children = (
				6329FC2820A8A8B9007045B2 /* FracTreeMac.app */,
			);
			name = Products;
			sourceTree = "<group>";
		};
		6329FC2A20A8A8B9007045B2 /* FracTreeMac */ = {
			isa = PBXGroup;
			children = (
				6329FC4A20A8AA38007045B2 /* Configuration */,
				6329FC2B20A8A8B9007045B2 /* AppDelegate.h */,
				6329FC2C20A8A8B9007045B2 /* AppDelegate.m */,
				6329FC4C20A8AA82007045B2 /* FTView.h */,
				6329FC4B20A8AA82007045B2 /* FTView.m */,
				6329FC4E20A8ABD7007045B2 /* CGAdditions.h */,
				6329FC4F20A8ABD8007045B2 /* CGAdditions.c */,
				6329FC2E20A8A8B9007045B2 /* ViewController.h */,
				6329FC2F20A8A8B9007045B2 /* ViewController.m */,
				6329FC3120A8A8BB007045B2 /* Assets.xcassets */,
				6329FC3320A8A8BB007045B2 /* Main.storyboard */,
				6329FC3620A8A8BB007045B2 /* Info.plist */,
				6329FC3720A8A8BB007045B2 /* main.m */,
				6329FC3920A8A8BB007045B2 /* FracTreeMac.entitlements */,
			);
			path = FracTreeMac;
			sourceTree = "<group>";
		};
		6329FC4A20A8AA38007045B2 /* Configuration */ = {
			isa = PBXGroup;
			children = (
				6329FC4220A8AA32007045B2 /* FTConfiguration.h */,
				6329FC3F20A8AA31007045B2 /* FTConfiguration.m */,
				6329FC4520A8AA32007045B2 /* FTConfiguration+DisplayAdditions.h */,
				6329FC4420A8AA32007045B2 /* FTConfiguration+DisplayAdditions.m */,
				6329FC4320A8AA32007045B2 /* FTConfigurationManager.h */,
				6329FC4020A8AA31007045B2 /* FTConfigurationManager.m */,
				6329FC4120A8AA32007045B2 /* defaultConfigurations */,
			);
			path = Configuration;
			sourceTree = "<group>";
		};
/* End PBXGroup section */

/* Begin PBXNativeTarget section */
		6329FC2720A8A8B9007045B2 /* FracTreeMac */ = {
			isa = PBXNativeTarget;
			buildConfigurationList = 6329FC3C20A8A8BB007045B2 /* Build configuration list for PBXNativeTarget "FracTreeMac" */;
			buildPhases = (
				6329FC2420A8A8B9007045B2 /* Sources */,
				6329FC2520A8A8B9007045B2 /* Frameworks */,
				6329FC2620A8A8B9007045B2 /* Resources */,
			);
			buildRules = (
			);
			dependencies = (
			);
			name = FracTreeMac;
			productName = FracTreeMac;
			productReference = 6329FC2820A8A8B9007045B2 /* FracTreeMac.app */;
			productType = "com.apple.product-type.application";
		};
/* End PBXNativeTarget section */

/* Begin PBXProject section */
		6329FC2020A8A8B9007045B2 /* Project object */ = {
			isa = PBXProject;
			attributes = {
				LastUpgradeCheck = 0930;
				ORGANIZATIONNAME = jeffmenter;
				TargetAttributes = {
					6329FC2720A8A8B9007045B2 = {
						CreatedOnToolsVersion = 9.3;
					};
				};
			};
			buildConfigurationList = 6329FC2320A8A8B9007045B2 /* Build configuration list for PBXProject "FracTreeMac" */;
			compatibilityVersion = "Xcode 9.3";
			developmentRegion = en;
			hasScannedForEncodings = 0;
			knownRegions = (
				en,
				Base,
			);
			mainGroup = 6329FC1F20A8A8B9007045B2;
			productRefGroup = 6329FC2920A8A8B9007045B2 /* Products */;
			projectDirPath = "";
			projectRoot = "";
			targets = (
				6329FC2720A8A8B9007045B2 /* FracTreeMac */,
			);
		};
/* End PBXProject section */

/* Begin PBXResourcesBuildPhase section */
		6329FC2620A8A8B9007045B2 /* Resources */ = {
			isa = PBXResourcesBuildPhase;
			buildActionMask = 2147483647;
			files = (
				6329FC3220A8A8BB007045B2 /* Assets.xcassets in Resources */,
				6329FC3520A8A8BB007045B2 /* Main.storyboard in Resources */,
				6329FC4820A8AA33007045B2 /* defaultConfigurations in Resources */,
			);
			runOnlyForDeploymentPostprocessing = 0;
		};
/* End PBXResourcesBuildPhase section */

/* Begin PBXSourcesBuildPhase section */
		6329FC2420A8A8B9007045B2 /* Sources */ = {
			isa = PBXSourcesBuildPhase;
			buildActionMask = 2147483647;
			files = (
				6329FC3020A8A8B9007045B2 /* ViewController.m in Sources */,
				6329FC3820A8A8BB007045B2 /* main.m in Sources */,
				6329FC4D20A8AA82007045B2 /* FTView.m in Sources */,
				6329FC4720A8AA33007045B2 /* FTConfigurationManager.m in Sources */,
				6329FC4920A8AA33007045B2 /* FTConfiguration+DisplayAdditions.m in Sources */,
				6329FC4620A8AA33007045B2 /* FTConfiguration.m in Sources */,
				6329FC2D20A8A8B9007045B2 /* AppDelegate.m in Sources */,
				6329FC5020A8ABD8007045B2 /* CGAdditions.c in Sources */,
			);
			runOnlyForDeploymentPostprocessing = 0;
		};
/* End PBXSourcesBuildPhase section */

/* Begin PBXVariantGroup section */
		6329FC3320A8A8BB007045B2 /* Main.storyboard */ = {
			isa = PBXVariantGroup;
			children = (
				6329FC3420A8A8BB007045B2 /* Base */,
			);
			name = Main.storyboard;
			sourceTree = "<group>";
		};
/* End PBXVariantGroup section */

/* Begin XCBuildConfiguration section */
		6329FC3A20A8A8BB007045B2 /* Debug */ = {
			isa = XCBuildConfiguration;
			buildSettings = {
				ALWAYS_SEARCH_USER_PATHS = NO;
				CLANG_ANALYZER_NONNULL = YES;
				CLANG_ANALYZER_NUMBER_OBJECT_CONVERSION = YES_AGGRESSIVE;
				CLANG_CXX_LANGUAGE_STANDARD = "gnu++14";
				CLANG_CXX_LIBRARY = "libc++";
				CLANG_ENABLE_MODULES = YES;
				CLANG_ENABLE_OBJC_ARC = YES;
				CLANG_ENABLE_OBJC_WEAK = YES;
				CLANG_WARN_BLOCK_CAPTURE_AUTORELEASING = YES;
				CLANG_WARN_BOOL_CONVERSION = YES;
				CLANG_WARN_COMMA = YES;
				CLANG_WARN_CONSTANT_CONVERSION = YES;
				CLANG_WARN_DEPRECATED_OBJC_IMPLEMENTATIONS = YES;
				CLANG_WARN_DIRECT_OBJC_ISA_USAGE = YES_ERROR;
				CLANG_WARN_DOCUMENTATION_COMMENTS = YES;
				CLANG_WARN_EMPTY_BODY = YES;
				CLANG_WARN_ENUM_CONVERSION = YES;
				CLANG_WARN_INFINITE_RECURSION = YES;
				CLANG_WARN_INT_CONVERSION = YES;
				CLANG_WARN_NON_LITERAL_NULL_CONVERSION = YES;
				CLANG_WARN_OBJC_IMPLICIT_RETAIN_SELF = YES;
				CLANG_WARN_OBJC_LITERAL_CONVERSION = YES;
				CLANG_WARN_OBJC_ROOT_CLASS = YES_ERROR;
				CLANG_WARN_RANGE_LOOP_ANALYSIS = YES;
				CLANG_WARN_STRICT_PROTOTYPES = YES;
				CLANG_WARN_SUSPICIOUS_MOVE = YES;
				CLANG_WARN_UNGUARDED_AVAILABILITY = YES_AGGRESSIVE;
				CLANG_WARN_UNREACHABLE_CODE = YES;
				CLANG_WARN__DUPLICATE_METHOD_MATCH = YES;
				CODE_SIGN_IDENTITY = "Mac Developer";
				COPY_PHASE_STRIP = NO;
				DEBUG_INFORMATION_FORMAT = dwarf;
				ENABLE_STRICT_OBJC_MSGSEND = YES;
				ENABLE_TESTABILITY = YES;
				GCC_C_LANGUAGE_STANDARD = gnu11;
				GCC_DYNAMIC_NO_PIC = NO;
				GCC_NO_COMMON_BLOCKS = YES;
				GCC_OPTIMIZATION_LEVEL = 0;
				GCC_PREPROCESSOR_DEFINITIONS = (
					"DEBUG=1",
					"$(inherited)",
				);
				GCC_WARN_64_TO_32_BIT_CONVERSION = YES;
				GCC_WARN_ABOUT_RETURN_TYPE = YES_ERROR;
				GCC_WARN_UNDECLARED_SELECTOR = YES;
				GCC_WARN_UNINITIALIZED_AUTOS = YES_AGGRESSIVE;
				GCC_WARN_UNUSED_FUNCTION = YES;
				GCC_WARN_UNUSED_VARIABLE = YES;
				MACOSX_DEPLOYMENT_TARGET = 10.13;
				MTL_ENABLE_DEBUG_INFO = YES;
				ONLY_ACTIVE_ARCH = YES;
				SDKROOT = macosx;
			};
			name = Debug;
		};
		6329FC3B20A8A8BB007045B2 /* Release */ = {
			isa = XCBuildConfiguration;
			buildSettings = {
				ALWAYS_SEARCH_USER_PATHS = NO;
				CLANG_ANALYZER_NONNULL = YES;
				CLANG_ANALYZER_NUMBER_OBJECT_CONVERSION = YES_AGGRESSIVE;
				CLANG_CXX_LANGUAGE_STANDARD = "gnu++14";
				CLANG_CXX_LIBRARY = "libc++";
				CLANG_ENABLE_MODULES = YES;
				CLANG_ENABLE_OBJC_ARC = YES;
				CLANG_ENABLE_OBJC_WEAK = YES;
				CLANG_WARN_BLOCK_CAPTURE_AUTORELEASING = YES;
				CLANG_WARN_BOOL_CONVERSION = YES;
				CLANG_WARN_COMMA = YES;
				CLANG_WARN_CONSTANT_CONVERSION = YES;
				CLANG_WARN_DEPRECATED_OBJC_IMPLEMENTATIONS = YES;
				CLANG_WARN_DIRECT_OBJC_ISA_USAGE = YES_ERROR;
				CLANG_WARN_DOCUMENTATION_COMMENTS = YES;
				CLANG_WARN_EMPTY_BODY = YES;
				CLANG_WARN_ENUM_CONVERSION = YES;
				CLANG_WARN_INFINITE_RECURSION = YES;
				CLANG_WARN_INT_CONVERSION = YES;
				CLANG_WARN_NON_LITERAL_NULL_CONVERSION = YES;
				CLANG_WARN_OBJC_IMPLICIT_RETAIN_SELF = YES;
				CLANG_WARN_OBJC_LITERAL_CONVERSION = YES;
				CLANG_WARN_OBJC_ROOT_CLASS = YES_ERROR;
				CLANG_WARN_RANGE_LOOP_ANALYSIS = YES;
				CLANG_WARN_STRICT_PROTOTYPES = YES;
				CLANG_WARN_SUSPICIOUS_MOVE = YES;
				CLANG_WARN_UNGUARDED_AVAILABILITY = YES_AGGRESSIVE;
				CLANG_WARN_UNREACHABLE_CODE = YES;
				CLANG_WARN__DUPLICATE_METHOD_MATCH = YES;
				CODE_SIGN_IDENTITY = "Mac Developer";
				COPY_PHASE_STRIP = NO;
				DEBUG_INFORMATION_FORMAT = "dwarf-with-dsym";
				ENABLE_NS_ASSERTIONS = NO;
				ENABLE_STRICT_OBJC_MSGSEND = YES;
				GCC_C_LANGUAGE_STANDARD = gnu11;
				GCC_NO_COMMON_BLOCKS = YES;
				GCC_WARN_64_TO_32_BIT_CONVERSION = YES;
				GCC_WARN_ABOUT_RETURN_TYPE = YES_ERROR;
				GCC_WARN_UNDECLARED_SELECTOR = YES;
				GCC_WARN_UNINITIALIZED_AUTOS = YES_AGGRESSIVE;
				GCC_WARN_UNUSED_FUNCTION = YES;
				GCC_WARN_UNUSED_VARIABLE = YES;
				MACOSX_DEPLOYMENT_TARGET = 10.13;
				MTL_ENABLE_DEBUG_INFO = NO;
				SDKROOT = macosx;
			};
			name = Release;
		};
		6329FC3D20A8A8BB007045B2 /* Debug */ = {
			isa = XCBuildConfiguration;
			buildSettings = {
				ASSETCATALOG_COMPILER_APPICON_NAME = AppIcon;
				CODE_SIGN_ENTITLEMENTS = FracTreeMac/FracTreeMac.entitlements;
				CODE_SIGN_STYLE = Automatic;
				COMBINE_HIDPI_IMAGES = YES;
				DEVELOPMENT_TEAM = H8KMXW4VV4;
				INFOPLIST_FILE = FracTreeMac/Info.plist;
				LD_RUNPATH_SEARCH_PATHS = (
					"$(inherited)",
					"@executable_path/../Frameworks",
				);
				PRODUCT_BUNDLE_IDENTIFIER = com.jeffmenter.FracTreeMac;
				PRODUCT_NAME = "$(TARGET_NAME)";
			};
			name = Debug;
		};
		6329FC3E20A8A8BB007045B2 /* Release */ = {
			isa = XCBuildConfiguration;
			buildSettings = {
				ASSETCATALOG_COMPILER_APPICON_NAME = AppIcon;
				CODE_SIGN_ENTITLEMENTS = FracTreeMac/FracTreeMac.entitlements;
				CODE_SIGN_STYLE = Automatic;
				COMBINE_HIDPI_IMAGES = YES;
				DEVELOPMENT_TEAM = H8KMXW4VV4;
				INFOPLIST_FILE = FracTreeMac/Info.plist;
				LD_RUNPATH_SEARCH_PATHS = (
					"$(inherited)",
					"@executable_path/../Frameworks",
				);
				PRODUCT_BUNDLE_IDENTIFIER = com.jeffmenter.FracTreeMac;
				PRODUCT_NAME = "$(TARGET_NAME)";
			};
			name = Release;
		};
/* End XCBuildConfiguration section */

/* Begin XCConfigurationList section */
		6329FC2320A8A8B9007045B2 /* Build configuration list for PBXProject "FracTreeMac" */ = {
			isa = XCConfigurationList;
			buildConfigurations = (
				6329FC3A20A8A8BB007045B2 /* Debug */,
				6329FC3B20A8A8BB007045B2 /* Release */,
			);
			defaultConfigurationIsVisible = 0;
			defaultConfigurationName = Release;
		};
		6329FC3C20A8A8BB007045B2 /* Build configuration list for PBXNativeTarget "FracTreeMac" */ = {
			isa = XCConfigurationList;
			buildConfigurations = (
				6329FC3D20A8A8BB007045B2 /* Debug */,
				6329FC3E20A8A8BB007045B2 /* Release */,
			);
			defaultConfigurationIsVisible = 0;
			defaultConfigurationName = Release;
		};
/* End XCConfigurationList section */
	};
	rootObject = 6329FC2020A8A8B9007045B2 /* Project object */;
}
